// !$*UTF8*$!
{
	archiveVersion = 1;
	classes = {
	};
	objectVersion = 56;
	objects = {

/* Begin PBXBuildFile section */
		DB7B2A2D2BE930B600AB7BF3 /* AllExercisesView.swift in Sources */ = {isa = PBXBuildFile; fileRef = DB7B2A2C2BE930B600AB7BF3 /* AllExercisesView.swift */; };
		DB7B2A2F2BEB878A00AB7BF3 /* SelectMuscleGroup.swift in Sources */ = {isa = PBXBuildFile; fileRef = DB7B2A2E2BEB878A00AB7BF3 /* SelectMuscleGroup.swift */; };
		DB7B2A342BEBC3C400AB7BF3 /* SettingsMuscleGroups.swift in Sources */ = {isa = PBXBuildFile; fileRef = DB7B2A332BEBC3C400AB7BF3 /* SettingsMuscleGroups.swift */; };
		DB7B2A362BEBD07800AB7BF3 /* SettingsTrainings.swift in Sources */ = {isa = PBXBuildFile; fileRef = DB7B2A352BEBD07800AB7BF3 /* SettingsTrainings.swift */; };
		DB7B2A382BEBD19100AB7BF3 /* SettingsExercises.swift in Sources */ = {isa = PBXBuildFile; fileRef = DB7B2A372BEBD19100AB7BF3 /* SettingsExercises.swift */; };
		DB7B2A3D2BECC2F700AB7BF3 /* SavedExercise.swift in Sources */ = {isa = PBXBuildFile; fileRef = DB7B2A3C2BECC2F700AB7BF3 /* SavedExercise.swift */; };
		DB7B2A3F2BECD11700AB7BF3 /* SavedSet.swift in Sources */ = {isa = PBXBuildFile; fileRef = DB7B2A3E2BECD11700AB7BF3 /* SavedSet.swift */; };
		DB7B2A412BECF63100AB7BF3 /* SettingsSavedExercises.swift in Sources */ = {isa = PBXBuildFile; fileRef = DB7B2A402BECF63100AB7BF3 /* SettingsSavedExercises.swift */; };
		DB94AAC62BE278AA00E80D37 /* AddTrainingView.swift in Sources */ = {isa = PBXBuildFile; fileRef = DB94AAC52BE278AA00E80D37 /* AddTrainingView.swift */; };
		DB94AAC82BE28FFB00E80D37 /* HomeView.swift in Sources */ = {isa = PBXBuildFile; fileRef = DB94AAC72BE28FFB00E80D37 /* HomeView.swift */; };
		DB94AACA2BE371A500E80D37 /* AddExerciseView.swift in Sources */ = {isa = PBXBuildFile; fileRef = DB94AAC92BE371A500E80D37 /* AddExerciseView.swift */; };
		DB94AACC2BE3746500E80D37 /* AnalyseView.swift in Sources */ = {isa = PBXBuildFile; fileRef = DB94AACB2BE3746500E80D37 /* AnalyseView.swift */; };
		DB94AACF2BE393DE00E80D37 /* MuscleGroupRow.swift in Sources */ = {isa = PBXBuildFile; fileRef = DB94AACE2BE393DE00E80D37 /* MuscleGroupRow.swift */; };
		DB94AAD12BE39AF100E80D37 /* SettingsView.swift in Sources */ = {isa = PBXBuildFile; fileRef = DB94AAD02BE39AF100E80D37 /* SettingsView.swift */; };
		DB94AAD32BE39C4300E80D37 /* ActiveTrainingView.swift in Sources */ = {isa = PBXBuildFile; fileRef = DB94AAD22BE39C4300E80D37 /* ActiveTrainingView.swift */; };
		DB94AAD72BE3E6EB00E80D37 /* CreateExerciseView.swift in Sources */ = {isa = PBXBuildFile; fileRef = DB94AAD62BE3E6EB00E80D37 /* CreateExerciseView.swift */; };
		DB94AADB2BE3F2A100E80D37 /* ImagePicker.swift in Sources */ = {isa = PBXBuildFile; fileRef = DB94AADA2BE3F2A100E80D37 /* ImagePicker.swift */; };
		DB94AADD2BE40FCE00E80D37 /* CameraPickerView.swift in Sources */ = {isa = PBXBuildFile; fileRef = DB94AADC2BE40FCE00E80D37 /* CameraPickerView.swift */; };
		DBC414782BDF790300E0F1FE /* Fitnessapp_BAApp.swift in Sources */ = {isa = PBXBuildFile; fileRef = DBC414772BDF790300E0F1FE /* Fitnessapp_BAApp.swift */; };
		DBC4147A2BDF790300E0F1FE /* ContentView.swift in Sources */ = {isa = PBXBuildFile; fileRef = DBC414792BDF790300E0F1FE /* ContentView.swift */; };
		DBC4147C2BDF790300E0F1FE /* Training.swift in Sources */ = {isa = PBXBuildFile; fileRef = DBC4147B2BDF790300E0F1FE /* Training.swift */; };
		DBC4147E2BDF790400E0F1FE /* Assets.xcassets in Resources */ = {isa = PBXBuildFile; fileRef = DBC4147D2BDF790400E0F1FE /* Assets.xcassets */; };
		DBC414812BDF790400E0F1FE /* Preview Assets.xcassets in Resources */ = {isa = PBXBuildFile; fileRef = DBC414802BDF790400E0F1FE /* Preview Assets.xcassets */; };
		DBC4148B2BDF790400E0F1FE /* Fitnessapp_BATests.swift in Sources */ = {isa = PBXBuildFile; fileRef = DBC4148A2BDF790400E0F1FE /* Fitnessapp_BATests.swift */; };
		DBC414952BDF790400E0F1FE /* Fitnessapp_BAUITests.swift in Sources */ = {isa = PBXBuildFile; fileRef = DBC414942BDF790400E0F1FE /* Fitnessapp_BAUITests.swift */; };
		DBC414972BDF790400E0F1FE /* Fitnessapp_BAUITestsLaunchTests.swift in Sources */ = {isa = PBXBuildFile; fileRef = DBC414962BDF790400E0F1FE /* Fitnessapp_BAUITestsLaunchTests.swift */; };
		DBC414A52BDFD32200E0F1FE /* Exercise.swift in Sources */ = {isa = PBXBuildFile; fileRef = DBC414A42BDFD32200E0F1FE /* Exercise.swift */; };
		DBC414A72BDFD36000E0F1FE /* MuscleGroup.swift in Sources */ = {isa = PBXBuildFile; fileRef = DBC414A62BDFD36000E0F1FE /* MuscleGroup.swift */; };
		DBC414A92BDFF4EE00E0F1FE /* TrainingView.swift in Sources */ = {isa = PBXBuildFile; fileRef = DBC414A82BDFF4EE00E0F1FE /* TrainingView.swift */; };
		DBC414AB2BE004DC00E0F1FE /* TrainingRow.swift in Sources */ = {isa = PBXBuildFile; fileRef = DBC414AA2BE004DC00E0F1FE /* TrainingRow.swift */; };
		DBC414AD2BE158A900E0F1FE /* ExerciseRow.swift in Sources */ = {isa = PBXBuildFile; fileRef = DBC414AC2BE158A900E0F1FE /* ExerciseRow.swift */; };
/* End PBXBuildFile section */

/* Begin PBXContainerItemProxy section */
		DBC414872BDF790400E0F1FE /* PBXContainerItemProxy */ = {
			isa = PBXContainerItemProxy;
			containerPortal = DBC4146C2BDF790300E0F1FE /* Project object */;
			proxyType = 1;
			remoteGlobalIDString = DBC414732BDF790300E0F1FE;
			remoteInfo = Fitnessapp_BA;
		};
		DBC414912BDF790400E0F1FE /* PBXContainerItemProxy */ = {
			isa = PBXContainerItemProxy;
			containerPortal = DBC4146C2BDF790300E0F1FE /* Project object */;
			proxyType = 1;
			remoteGlobalIDString = DBC414732BDF790300E0F1FE;
			remoteInfo = Fitnessapp_BA;
		};
/* End PBXContainerItemProxy section */

/* Begin PBXFileReference section */
		DB7B2A2C2BE930B600AB7BF3 /* AllExercisesView.swift */ = {isa = PBXFileReference; lastKnownFileType = sourcecode.swift; path = AllExercisesView.swift; sourceTree = "<group>"; };
		DB7B2A2E2BEB878A00AB7BF3 /* SelectMuscleGroup.swift */ = {isa = PBXFileReference; lastKnownFileType = sourcecode.swift; path = SelectMuscleGroup.swift; sourceTree = "<group>"; };
		DB7B2A332BEBC3C400AB7BF3 /* SettingsMuscleGroups.swift */ = {isa = PBXFileReference; lastKnownFileType = sourcecode.swift; path = SettingsMuscleGroups.swift; sourceTree = "<group>"; };
		DB7B2A352BEBD07800AB7BF3 /* SettingsTrainings.swift */ = {isa = PBXFileReference; fileEncoding = 4; lastKnownFileType = sourcecode.swift; path = SettingsTrainings.swift; sourceTree = "<group>"; };
		DB7B2A372BEBD19100AB7BF3 /* SettingsExercises.swift */ = {isa = PBXFileReference; fileEncoding = 4; lastKnownFileType = sourcecode.swift; path = SettingsExercises.swift; sourceTree = "<group>"; };
		DB7B2A3C2BECC2F700AB7BF3 /* SavedExercise.swift */ = {isa = PBXFileReference; fileEncoding = 4; lastKnownFileType = sourcecode.swift; path = SavedExercise.swift; sourceTree = "<group>"; };
		DB7B2A3E2BECD11700AB7BF3 /* SavedSet.swift */ = {isa = PBXFileReference; fileEncoding = 4; lastKnownFileType = sourcecode.swift; path = SavedSet.swift; sourceTree = "<group>"; };
		DB7B2A402BECF63100AB7BF3 /* SettingsSavedExercises.swift */ = {isa = PBXFileReference; fileEncoding = 4; lastKnownFileType = sourcecode.swift; path = SettingsSavedExercises.swift; sourceTree = "<group>"; };
		DB94AAC52BE278AA00E80D37 /* AddTrainingView.swift */ = {isa = PBXFileReference; lastKnownFileType = sourcecode.swift; path = AddTrainingView.swift; sourceTree = "<group>"; };
		DB94AAC72BE28FFB00E80D37 /* HomeView.swift */ = {isa = PBXFileReference; lastKnownFileType = sourcecode.swift; path = HomeView.swift; sourceTree = "<group>"; };
		DB94AAC92BE371A500E80D37 /* AddExerciseView.swift */ = {isa = PBXFileReference; lastKnownFileType = sourcecode.swift; path = AddExerciseView.swift; sourceTree = "<group>"; };
		DB94AACB2BE3746500E80D37 /* AnalyseView.swift */ = {isa = PBXFileReference; lastKnownFileType = sourcecode.swift; path = AnalyseView.swift; sourceTree = "<group>"; };
		DB94AACE2BE393DE00E80D37 /* MuscleGroupRow.swift */ = {isa = PBXFileReference; lastKnownFileType = sourcecode.swift; path = MuscleGroupRow.swift; sourceTree = "<group>"; };
		DB94AAD02BE39AF100E80D37 /* SettingsView.swift */ = {isa = PBXFileReference; lastKnownFileType = sourcecode.swift; path = SettingsView.swift; sourceTree = "<group>"; };
		DB94AAD22BE39C4300E80D37 /* ActiveTrainingView.swift */ = {isa = PBXFileReference; lastKnownFileType = sourcecode.swift; path = ActiveTrainingView.swift; sourceTree = "<group>"; };
		DB94AAD62BE3E6EB00E80D37 /* CreateExerciseView.swift */ = {isa = PBXFileReference; lastKnownFileType = sourcecode.swift; path = CreateExerciseView.swift; sourceTree = "<group>"; };
		DB94AADA2BE3F2A100E80D37 /* ImagePicker.swift */ = {isa = PBXFileReference; lastKnownFileType = sourcecode.swift; path = ImagePicker.swift; sourceTree = "<group>"; };
		DB94AADC2BE40FCE00E80D37 /* CameraPickerView.swift */ = {isa = PBXFileReference; lastKnownFileType = sourcecode.swift; path = CameraPickerView.swift; sourceTree = "<group>"; };
		DB94AADE2BE4144800E80D37 /* Fitnessapp-BA-Info.plist */ = {isa = PBXFileReference; lastKnownFileType = text.plist; path = "Fitnessapp-BA-Info.plist"; sourceTree = SOURCE_ROOT; };
		DBC414742BDF790300E0F1FE /* Fitnessapp_BA.app */ = {isa = PBXFileReference; explicitFileType = wrapper.application; includeInIndex = 0; path = Fitnessapp_BA.app; sourceTree = BUILT_PRODUCTS_DIR; };
		DBC414772BDF790300E0F1FE /* Fitnessapp_BAApp.swift */ = {isa = PBXFileReference; lastKnownFileType = sourcecode.swift; path = Fitnessapp_BAApp.swift; sourceTree = "<group>"; };
		DBC414792BDF790300E0F1FE /* ContentView.swift */ = {isa = PBXFileReference; lastKnownFileType = sourcecode.swift; path = ContentView.swift; sourceTree = "<group>"; };
		DBC4147B2BDF790300E0F1FE /* Training.swift */ = {isa = PBXFileReference; lastKnownFileType = sourcecode.swift; path = Training.swift; sourceTree = "<group>"; };
		DBC4147D2BDF790400E0F1FE /* Assets.xcassets */ = {isa = PBXFileReference; lastKnownFileType = folder.assetcatalog; path = Assets.xcassets; sourceTree = "<group>"; };
		DBC414802BDF790400E0F1FE /* Preview Assets.xcassets */ = {isa = PBXFileReference; lastKnownFileType = folder.assetcatalog; path = "Preview Assets.xcassets"; sourceTree = "<group>"; };
		DBC414862BDF790400E0F1FE /* Fitnessapp_BATests.xctest */ = {isa = PBXFileReference; explicitFileType = wrapper.cfbundle; includeInIndex = 0; path = Fitnessapp_BATests.xctest; sourceTree = BUILT_PRODUCTS_DIR; };
		DBC4148A2BDF790400E0F1FE /* Fitnessapp_BATests.swift */ = {isa = PBXFileReference; lastKnownFileType = sourcecode.swift; path = Fitnessapp_BATests.swift; sourceTree = "<group>"; };
		DBC414902BDF790400E0F1FE /* Fitnessapp_BAUITests.xctest */ = {isa = PBXFileReference; explicitFileType = wrapper.cfbundle; includeInIndex = 0; path = Fitnessapp_BAUITests.xctest; sourceTree = BUILT_PRODUCTS_DIR; };
		DBC414942BDF790400E0F1FE /* Fitnessapp_BAUITests.swift */ = {isa = PBXFileReference; lastKnownFileType = sourcecode.swift; path = Fitnessapp_BAUITests.swift; sourceTree = "<group>"; };
		DBC414962BDF790400E0F1FE /* Fitnessapp_BAUITestsLaunchTests.swift */ = {isa = PBXFileReference; lastKnownFileType = sourcecode.swift; path = Fitnessapp_BAUITestsLaunchTests.swift; sourceTree = "<group>"; };
		DBC414A42BDFD32200E0F1FE /* Exercise.swift */ = {isa = PBXFileReference; lastKnownFileType = sourcecode.swift; path = Exercise.swift; sourceTree = "<group>"; };
		DBC414A62BDFD36000E0F1FE /* MuscleGroup.swift */ = {isa = PBXFileReference; lastKnownFileType = sourcecode.swift; path = MuscleGroup.swift; sourceTree = "<group>"; };
		DBC414A82BDFF4EE00E0F1FE /* TrainingView.swift */ = {isa = PBXFileReference; lastKnownFileType = sourcecode.swift; path = TrainingView.swift; sourceTree = "<group>"; };
		DBC414AA2BE004DC00E0F1FE /* TrainingRow.swift */ = {isa = PBXFileReference; lastKnownFileType = sourcecode.swift; path = TrainingRow.swift; sourceTree = "<group>"; };
		DBC414AC2BE158A900E0F1FE /* ExerciseRow.swift */ = {isa = PBXFileReference; lastKnownFileType = sourcecode.swift; path = ExerciseRow.swift; sourceTree = "<group>"; };
/* End PBXFileReference section */

/* Begin PBXFrameworksBuildPhase section */
		DBC414712BDF790300E0F1FE /* Frameworks */ = {
			isa = PBXFrameworksBuildPhase;
			buildActionMask = 2147483647;
			files = (
			);
			runOnlyForDeploymentPostprocessing = 0;
		};
		DBC414832BDF790400E0F1FE /* Frameworks */ = {
			isa = PBXFrameworksBuildPhase;
			buildActionMask = 2147483647;
			files = (
			);
			runOnlyForDeploymentPostprocessing = 0;
		};
		DBC4148D2BDF790400E0F1FE /* Frameworks */ = {
			isa = PBXFrameworksBuildPhase;
			buildActionMask = 2147483647;
			files = (
			);
			runOnlyForDeploymentPostprocessing = 0;
		};
/* End PBXFrameworksBuildPhase section */

/* Begin PBXGroup section */
		DB7B2A302BEBC2A700AB7BF3 /* Settings */ = {
			isa = PBXGroup;
			children = (
				DB94AAD02BE39AF100E80D37 /* SettingsView.swift */,
				DB7B2A332BEBC3C400AB7BF3 /* SettingsMuscleGroups.swift */,
				DB7B2A372BEBD19100AB7BF3 /* SettingsExercises.swift */,
				DB7B2A402BECF63100AB7BF3 /* SettingsSavedExercises.swift */,
				DB7B2A352BEBD07800AB7BF3 /* SettingsTrainings.swift */,
			);
			path = Settings;
			sourceTree = "<group>";
		};
		DB7B2A312BEBC2E800AB7BF3 /* Analyse */ = {
			isa = PBXGroup;
			children = (
				DB94AACB2BE3746500E80D37 /* AnalyseView.swift */,
			);
			path = Analyse;
			sourceTree = "<group>";
		};
		DB7B2A392BEBD57A00AB7BF3 /* Components */ = {
			isa = PBXGroup;
			children = (
				DBC414AA2BE004DC00E0F1FE /* TrainingRow.swift */,
				DBC414AC2BE158A900E0F1FE /* ExerciseRow.swift */,
				DB94AACE2BE393DE00E80D37 /* MuscleGroupRow.swift */,
				DB94AADA2BE3F2A100E80D37 /* ImagePicker.swift */,
				DB94AADC2BE40FCE00E80D37 /* CameraPickerView.swift */,
			);
			path = Components;
			sourceTree = "<group>";
		};
		DB7B2A3B2BEBD64B00AB7BF3 /* Training */ = {
			isa = PBXGroup;
			children = (
				DBC414A82BDFF4EE00E0F1FE /* TrainingView.swift */,
				DB94AAC52BE278AA00E80D37 /* AddTrainingView.swift */,
				DB94AAC92BE371A500E80D37 /* AddExerciseView.swift */,
				DB94AAD62BE3E6EB00E80D37 /* CreateExerciseView.swift */,
				DB7B2A2E2BEB878A00AB7BF3 /* SelectMuscleGroup.swift */,
				DB7B2A2C2BE930B600AB7BF3 /* AllExercisesView.swift */,
			);
			path = Training;
			sourceTree = "<group>";
		};
		DB94AACD2BE3933000E80D37 /* Views */ = {
			isa = PBXGroup;
			children = (
				DB7B2A3B2BEBD64B00AB7BF3 /* Training */,
				DB7B2A392BEBD57A00AB7BF3 /* Components */,
				DB7B2A312BEBC2E800AB7BF3 /* Analyse */,
				DB7B2A302BEBC2A700AB7BF3 /* Settings */,
				DB94AAC72BE28FFB00E80D37 /* HomeView.swift */,
				DB94AAD22BE39C4300E80D37 /* ActiveTrainingView.swift */,
			);
			path = Views;
			sourceTree = "<group>";
		};
		DBC4146B2BDF790300E0F1FE = {
			isa = PBXGroup;
			children = (
				DBC414762BDF790300E0F1FE /* Fitnessapp_BA */,
				DBC414892BDF790400E0F1FE /* Fitnessapp_BATests */,
				DBC414932BDF790400E0F1FE /* Fitnessapp_BAUITests */,
				DBC414752BDF790300E0F1FE /* Products */,
			);
			sourceTree = "<group>";
		};
		DBC414752BDF790300E0F1FE /* Products */ = {
			isa = PBXGroup;
			children = (
				DBC414742BDF790300E0F1FE /* Fitnessapp_BA.app */,
				DBC414862BDF790400E0F1FE /* Fitnessapp_BATests.xctest */,
				DBC414902BDF790400E0F1FE /* Fitnessapp_BAUITests.xctest */,
			);
			name = Products;
			sourceTree = "<group>";
		};
		DBC414762BDF790300E0F1FE /* Fitnessapp_BA */ = {
			isa = PBXGroup;
			children = (
				DB94AADE2BE4144800E80D37 /* Fitnessapp-BA-Info.plist */,
				DBC414772BDF790300E0F1FE /* Fitnessapp_BAApp.swift */,
				DBC414792BDF790300E0F1FE /* ContentView.swift */,
				DBC414A32BDFD21D00E0F1FE /* model */,
				DBC4147D2BDF790400E0F1FE /* Assets.xcassets */,
				DBC4147F2BDF790400E0F1FE /* Preview Content */,
				DB94AACD2BE3933000E80D37 /* Views */,
			);
			path = Fitnessapp_BA;
			sourceTree = "<group>";
		};
		DBC4147F2BDF790400E0F1FE /* Preview Content */ = {
			isa = PBXGroup;
			children = (
				DBC414802BDF790400E0F1FE /* Preview Assets.xcassets */,
			);
			path = "Preview Content";
			sourceTree = "<group>";
		};
		DBC414892BDF790400E0F1FE /* Fitnessapp_BATests */ = {
			isa = PBXGroup;
			children = (
				DBC4148A2BDF790400E0F1FE /* Fitnessapp_BATests.swift */,
			);
			path = Fitnessapp_BATests;
			sourceTree = "<group>";
		};
		DBC414932BDF790400E0F1FE /* Fitnessapp_BAUITests */ = {
			isa = PBXGroup;
			children = (
				DBC414942BDF790400E0F1FE /* Fitnessapp_BAUITests.swift */,
				DBC414962BDF790400E0F1FE /* Fitnessapp_BAUITestsLaunchTests.swift */,
			);
			path = Fitnessapp_BAUITests;
			sourceTree = "<group>";
		};
		DBC414A32BDFD21D00E0F1FE /* model */ = {
			isa = PBXGroup;
			children = (
				DBC4147B2BDF790300E0F1FE /* Training.swift */,
				DBC414A42BDFD32200E0F1FE /* Exercise.swift */,
				DB7B2A3C2BECC2F700AB7BF3 /* SavedExercise.swift */,
				DB7B2A3E2BECD11700AB7BF3 /* SavedSet.swift */,
				DBC414A62BDFD36000E0F1FE /* MuscleGroup.swift */,
			);
			path = model;
			sourceTree = "<group>";
		};
/* End PBXGroup section */

/* Begin PBXNativeTarget section */
		DBC414732BDF790300E0F1FE /* Fitnessapp_BA */ = {
			isa = PBXNativeTarget;
			buildConfigurationList = DBC4149A2BDF790400E0F1FE /* Build configuration list for PBXNativeTarget "Fitnessapp_BA" */;
			buildPhases = (
				DBC414702BDF790300E0F1FE /* Sources */,
				DBC414712BDF790300E0F1FE /* Frameworks */,
				DBC414722BDF790300E0F1FE /* Resources */,
			);
			buildRules = (
			);
			dependencies = (
			);
			name = Fitnessapp_BA;
			productName = Fitnessapp_BA;
			productReference = DBC414742BDF790300E0F1FE /* Fitnessapp_BA.app */;
			productType = "com.apple.product-type.application";
		};
		DBC414852BDF790400E0F1FE /* Fitnessapp_BATests */ = {
			isa = PBXNativeTarget;
			buildConfigurationList = DBC4149D2BDF790400E0F1FE /* Build configuration list for PBXNativeTarget "Fitnessapp_BATests" */;
			buildPhases = (
				DBC414822BDF790400E0F1FE /* Sources */,
				DBC414832BDF790400E0F1FE /* Frameworks */,
				DBC414842BDF790400E0F1FE /* Resources */,
			);
			buildRules = (
			);
			dependencies = (
				DBC414882BDF790400E0F1FE /* PBXTargetDependency */,
			);
			name = Fitnessapp_BATests;
			productName = Fitnessapp_BATests;
			productReference = DBC414862BDF790400E0F1FE /* Fitnessapp_BATests.xctest */;
			productType = "com.apple.product-type.bundle.unit-test";
		};
		DBC4148F2BDF790400E0F1FE /* Fitnessapp_BAUITests */ = {
			isa = PBXNativeTarget;
			buildConfigurationList = DBC414A02BDF790400E0F1FE /* Build configuration list for PBXNativeTarget "Fitnessapp_BAUITests" */;
			buildPhases = (
				DBC4148C2BDF790400E0F1FE /* Sources */,
				DBC4148D2BDF790400E0F1FE /* Frameworks */,
				DBC4148E2BDF790400E0F1FE /* Resources */,
			);
			buildRules = (
			);
			dependencies = (
				DBC414922BDF790400E0F1FE /* PBXTargetDependency */,
			);
			name = Fitnessapp_BAUITests;
			productName = Fitnessapp_BAUITests;
			productReference = DBC414902BDF790400E0F1FE /* Fitnessapp_BAUITests.xctest */;
			productType = "com.apple.product-type.bundle.ui-testing";
		};
/* End PBXNativeTarget section */

/* Begin PBXProject section */
		DBC4146C2BDF790300E0F1FE /* Project object */ = {
			isa = PBXProject;
			attributes = {
				BuildIndependentTargetsInParallel = 1;
				LastSwiftUpdateCheck = 1530;
				LastUpgradeCheck = 1530;
				TargetAttributes = {
					DBC414732BDF790300E0F1FE = {
						CreatedOnToolsVersion = 15.3;
					};
					DBC414852BDF790400E0F1FE = {
						CreatedOnToolsVersion = 15.3;
						TestTargetID = DBC414732BDF790300E0F1FE;
					};
					DBC4148F2BDF790400E0F1FE = {
						CreatedOnToolsVersion = 15.3;
						TestTargetID = DBC414732BDF790300E0F1FE;
					};
				};
			};
			buildConfigurationList = DBC4146F2BDF790300E0F1FE /* Build configuration list for PBXProject "Fitnessapp_BA" */;
			compatibilityVersion = "Xcode 14.0";
			developmentRegion = en;
			hasScannedForEncodings = 0;
			knownRegions = (
				en,
				Base,
			);
			mainGroup = DBC4146B2BDF790300E0F1FE;
			productRefGroup = DBC414752BDF790300E0F1FE /* Products */;
			projectDirPath = "";
			projectRoot = "";
			targets = (
				DBC414732BDF790300E0F1FE /* Fitnessapp_BA */,
				DBC414852BDF790400E0F1FE /* Fitnessapp_BATests */,
				DBC4148F2BDF790400E0F1FE /* Fitnessapp_BAUITests */,
			);
		};
/* End PBXProject section */

/* Begin PBXResourcesBuildPhase section */
		DBC414722BDF790300E0F1FE /* Resources */ = {
			isa = PBXResourcesBuildPhase;
			buildActionMask = 2147483647;
			files = (
				DBC414812BDF790400E0F1FE /* Preview Assets.xcassets in Resources */,
				DBC4147E2BDF790400E0F1FE /* Assets.xcassets in Resources */,
			);
			runOnlyForDeploymentPostprocessing = 0;
		};
		DBC414842BDF790400E0F1FE /* Resources */ = {
			isa = PBXResourcesBuildPhase;
			buildActionMask = 2147483647;
			files = (
			);
			runOnlyForDeploymentPostprocessing = 0;
		};
		DBC4148E2BDF790400E0F1FE /* Resources */ = {
			isa = PBXResourcesBuildPhase;
			buildActionMask = 2147483647;
			files = (
			);
			runOnlyForDeploymentPostprocessing = 0;
		};
/* End PBXResourcesBuildPhase section */

/* Begin PBXSourcesBuildPhase section */
		DBC414702BDF790300E0F1FE /* Sources */ = {
			isa = PBXSourcesBuildPhase;
			buildActionMask = 2147483647;
			files = (
				DB7B2A2F2BEB878A00AB7BF3 /* SelectMuscleGroup.swift in Sources */,
				DB94AAD32BE39C4300E80D37 /* ActiveTrainingView.swift in Sources */,
				DB7B2A362BEBD07800AB7BF3 /* SettingsTrainings.swift in Sources */,
				DB94AACC2BE3746500E80D37 /* AnalyseView.swift in Sources */,
				DBC4147A2BDF790300E0F1FE /* ContentView.swift in Sources */,
				DB94AADB2BE3F2A100E80D37 /* ImagePicker.swift in Sources */,
				DBC414AB2BE004DC00E0F1FE /* TrainingRow.swift in Sources */,
				DBC414A52BDFD32200E0F1FE /* Exercise.swift in Sources */,
				DBC4147C2BDF790300E0F1FE /* Training.swift in Sources */,
				DB7B2A3F2BECD11700AB7BF3 /* SavedSet.swift in Sources */,
				DB7B2A3D2BECC2F700AB7BF3 /* SavedExercise.swift in Sources */,
				DB94AACA2BE371A500E80D37 /* AddExerciseView.swift in Sources */,
				DBC414AD2BE158A900E0F1FE /* ExerciseRow.swift in Sources */,
				DB94AAD12BE39AF100E80D37 /* SettingsView.swift in Sources */,
				DB7B2A412BECF63100AB7BF3 /* SettingsSavedExercises.swift in Sources */,
				DB7B2A2D2BE930B600AB7BF3 /* AllExercisesView.swift in Sources */,
				DB94AACF2BE393DE00E80D37 /* MuscleGroupRow.swift in Sources */,
				DB7B2A342BEBC3C400AB7BF3 /* SettingsMuscleGroups.swift in Sources */,
				DB94AAC82BE28FFB00E80D37 /* HomeView.swift in Sources */,
				DB94AAD72BE3E6EB00E80D37 /* CreateExerciseView.swift in Sources */,
				DB94AAC62BE278AA00E80D37 /* AddTrainingView.swift in Sources */,
				DBC414A72BDFD36000E0F1FE /* MuscleGroup.swift in Sources */,
				DBC414A92BDFF4EE00E0F1FE /* TrainingView.swift in Sources */,
				DB7B2A382BEBD19100AB7BF3 /* SettingsExercises.swift in Sources */,
				DBC414782BDF790300E0F1FE /* Fitnessapp_BAApp.swift in Sources */,
				DB94AADD2BE40FCE00E80D37 /* CameraPickerView.swift in Sources */,
			);
			runOnlyForDeploymentPostprocessing = 0;
		};
		DBC414822BDF790400E0F1FE /* Sources */ = {
			isa = PBXSourcesBuildPhase;
			buildActionMask = 2147483647;
			files = (
				DBC4148B2BDF790400E0F1FE /* Fitnessapp_BATests.swift in Sources */,
			);
			runOnlyForDeploymentPostprocessing = 0;
		};
		DBC4148C2BDF790400E0F1FE /* Sources */ = {
			isa = PBXSourcesBuildPhase;
			buildActionMask = 2147483647;
			files = (
				DBC414972BDF790400E0F1FE /* Fitnessapp_BAUITestsLaunchTests.swift in Sources */,
				DBC414952BDF790400E0F1FE /* Fitnessapp_BAUITests.swift in Sources */,
			);
			runOnlyForDeploymentPostprocessing = 0;
		};
/* End PBXSourcesBuildPhase section */

/* Begin PBXTargetDependency section */
		DBC414882BDF790400E0F1FE /* PBXTargetDependency */ = {
			isa = PBXTargetDependency;
			target = DBC414732BDF790300E0F1FE /* Fitnessapp_BA */;
			targetProxy = DBC414872BDF790400E0F1FE /* PBXContainerItemProxy */;
		};
		DBC414922BDF790400E0F1FE /* PBXTargetDependency */ = {
			isa = PBXTargetDependency;
			target = DBC414732BDF790300E0F1FE /* Fitnessapp_BA */;
			targetProxy = DBC414912BDF790400E0F1FE /* PBXContainerItemProxy */;
		};
/* End PBXTargetDependency section */

/* Begin XCBuildConfiguration section */
		DBC414982BDF790400E0F1FE /* Debug */ = {
			isa = XCBuildConfiguration;
			buildSettings = {
				ALWAYS_SEARCH_USER_PATHS = NO;
				ASSETCATALOG_COMPILER_GENERATE_SWIFT_ASSET_SYMBOL_EXTENSIONS = YES;
				CLANG_ANALYZER_NONNULL = YES;
				CLANG_ANALYZER_NUMBER_OBJECT_CONVERSION = YES_AGGRESSIVE;
				CLANG_CXX_LANGUAGE_STANDARD = "gnu++20";
				CLANG_ENABLE_MODULES = YES;
				CLANG_ENABLE_OBJC_ARC = YES;
				CLANG_ENABLE_OBJC_WEAK = YES;
				CLANG_WARN_BLOCK_CAPTURE_AUTORELEASING = YES;
				CLANG_WARN_BOOL_CONVERSION = YES;
				CLANG_WARN_COMMA = YES;
				CLANG_WARN_CONSTANT_CONVERSION = YES;
				CLANG_WARN_DEPRECATED_OBJC_IMPLEMENTATIONS = YES;
				CLANG_WARN_DIRECT_OBJC_ISA_USAGE = YES_ERROR;
				CLANG_WARN_DOCUMENTATION_COMMENTS = YES;
				CLANG_WARN_EMPTY_BODY = YES;
				CLANG_WARN_ENUM_CONVERSION = YES;
				CLANG_WARN_INFINITE_RECURSION = YES;
				CLANG_WARN_INT_CONVERSION = YES;
				CLANG_WARN_NON_LITERAL_NULL_CONVERSION = YES;
				CLANG_WARN_OBJC_IMPLICIT_RETAIN_SELF = YES;
				CLANG_WARN_OBJC_LITERAL_CONVERSION = YES;
				CLANG_WARN_OBJC_ROOT_CLASS = YES_ERROR;
				CLANG_WARN_QUOTED_INCLUDE_IN_FRAMEWORK_HEADER = YES;
				CLANG_WARN_RANGE_LOOP_ANALYSIS = YES;
				CLANG_WARN_STRICT_PROTOTYPES = YES;
				CLANG_WARN_SUSPICIOUS_MOVE = YES;
				CLANG_WARN_UNGUARDED_AVAILABILITY = YES_AGGRESSIVE;
				CLANG_WARN_UNREACHABLE_CODE = YES;
				CLANG_WARN__DUPLICATE_METHOD_MATCH = YES;
				COPY_PHASE_STRIP = NO;
				DEBUG_INFORMATION_FORMAT = dwarf;
				ENABLE_STRICT_OBJC_MSGSEND = YES;
				ENABLE_TESTABILITY = YES;
				ENABLE_USER_SCRIPT_SANDBOXING = YES;
				GCC_C_LANGUAGE_STANDARD = gnu17;
				GCC_DYNAMIC_NO_PIC = NO;
				GCC_NO_COMMON_BLOCKS = YES;
				GCC_OPTIMIZATION_LEVEL = 0;
				GCC_PREPROCESSOR_DEFINITIONS = (
					"DEBUG=1",
					"$(inherited)",
				);
				GCC_WARN_64_TO_32_BIT_CONVERSION = YES;
				GCC_WARN_ABOUT_RETURN_TYPE = YES_ERROR;
				GCC_WARN_UNDECLARED_SELECTOR = YES;
				GCC_WARN_UNINITIALIZED_AUTOS = YES_AGGRESSIVE;
				GCC_WARN_UNUSED_FUNCTION = YES;
				GCC_WARN_UNUSED_VARIABLE = YES;
				IPHONEOS_DEPLOYMENT_TARGET = 17.4;
				LOCALIZATION_PREFERS_STRING_CATALOGS = YES;
				MTL_ENABLE_DEBUG_INFO = INCLUDE_SOURCE;
				MTL_FAST_MATH = YES;
				ONLY_ACTIVE_ARCH = YES;
				SDKROOT = iphoneos;
				SWIFT_ACTIVE_COMPILATION_CONDITIONS = "DEBUG $(inherited)";
				SWIFT_OPTIMIZATION_LEVEL = "-Onone";
			};
			name = Debug;
		};
		DBC414992BDF790400E0F1FE /* Release */ = {
			isa = XCBuildConfiguration;
			buildSettings = {
				ALWAYS_SEARCH_USER_PATHS = NO;
				ASSETCATALOG_COMPILER_GENERATE_SWIFT_ASSET_SYMBOL_EXTENSIONS = YES;
				CLANG_ANALYZER_NONNULL = YES;
				CLANG_ANALYZER_NUMBER_OBJECT_CONVERSION = YES_AGGRESSIVE;
				CLANG_CXX_LANGUAGE_STANDARD = "gnu++20";
				CLANG_ENABLE_MODULES = YES;
				CLANG_ENABLE_OBJC_ARC = YES;
				CLANG_ENABLE_OBJC_WEAK = YES;
				CLANG_WARN_BLOCK_CAPTURE_AUTORELEASING = YES;
				CLANG_WARN_BOOL_CONVERSION = YES;
				CLANG_WARN_COMMA = YES;
				CLANG_WARN_CONSTANT_CONVERSION = YES;
				CLANG_WARN_DEPRECATED_OBJC_IMPLEMENTATIONS = YES;
				CLANG_WARN_DIRECT_OBJC_ISA_USAGE = YES_ERROR;
				CLANG_WARN_DOCUMENTATION_COMMENTS = YES;
				CLANG_WARN_EMPTY_BODY = YES;
				CLANG_WARN_ENUM_CONVERSION = YES;
				CLANG_WARN_INFINITE_RECURSION = YES;
				CLANG_WARN_INT_CONVERSION = YES;
				CLANG_WARN_NON_LITERAL_NULL_CONVERSION = YES;
				CLANG_WARN_OBJC_IMPLICIT_RETAIN_SELF = YES;
				CLANG_WARN_OBJC_LITERAL_CONVERSION = YES;
				CLANG_WARN_OBJC_ROOT_CLASS = YES_ERROR;
				CLANG_WARN_QUOTED_INCLUDE_IN_FRAMEWORK_HEADER = YES;
				CLANG_WARN_RANGE_LOOP_ANALYSIS = YES;
				CLANG_WARN_STRICT_PROTOTYPES = YES;
				CLANG_WARN_SUSPICIOUS_MOVE = YES;
				CLANG_WARN_UNGUARDED_AVAILABILITY = YES_AGGRESSIVE;
				CLANG_WARN_UNREACHABLE_CODE = YES;
				CLANG_WARN__DUPLICATE_METHOD_MATCH = YES;
				COPY_PHASE_STRIP = NO;
				DEBUG_INFORMATION_FORMAT = "dwarf-with-dsym";
				ENABLE_NS_ASSERTIONS = NO;
				ENABLE_STRICT_OBJC_MSGSEND = YES;
				ENABLE_USER_SCRIPT_SANDBOXING = YES;
				GCC_C_LANGUAGE_STANDARD = gnu17;
				GCC_NO_COMMON_BLOCKS = YES;
				GCC_WARN_64_TO_32_BIT_CONVERSION = YES;
				GCC_WARN_ABOUT_RETURN_TYPE = YES_ERROR;
				GCC_WARN_UNDECLARED_SELECTOR = YES;
				GCC_WARN_UNINITIALIZED_AUTOS = YES_AGGRESSIVE;
				GCC_WARN_UNUSED_FUNCTION = YES;
				GCC_WARN_UNUSED_VARIABLE = YES;
				IPHONEOS_DEPLOYMENT_TARGET = 17.4;
				LOCALIZATION_PREFERS_STRING_CATALOGS = YES;
				MTL_ENABLE_DEBUG_INFO = NO;
				MTL_FAST_MATH = YES;
				SDKROOT = iphoneos;
				SWIFT_COMPILATION_MODE = wholemodule;
				VALIDATE_PRODUCT = YES;
			};
			name = Release;
		};
		DBC4149B2BDF790400E0F1FE /* Debug */ = {
			isa = XCBuildConfiguration;
			buildSettings = {
				ASSETCATALOG_COMPILER_APPICON_NAME = AppIcon;
				ASSETCATALOG_COMPILER_GLOBAL_ACCENT_COLOR_NAME = AccentColor;
				CODE_SIGN_STYLE = Automatic;
				CURRENT_PROJECT_VERSION = 1;
				DEVELOPMENT_ASSET_PATHS = "\"Fitnessapp_BA/Preview Content\"";
				DEVELOPMENT_TEAM = STMU5Q6VC5;
				ENABLE_PREVIEWS = YES;
				GENERATE_INFOPLIST_FILE = YES;
				INFOPLIST_FILE = "Fitnessapp-BA-Info.plist";
				INFOPLIST_KEY_CFBundleDisplayName = "Fitness App";
				INFOPLIST_KEY_LSApplicationCategoryType = "public.app-category.healthcare-fitness";
				INFOPLIST_KEY_NSCameraUsageDescription = "To take a Photo we need access to the Camera";
				INFOPLIST_KEY_UIApplicationSceneManifest_Generation = YES;
				INFOPLIST_KEY_UIApplicationSupportsIndirectInputEvents = YES;
				INFOPLIST_KEY_UILaunchScreen_Generation = YES;
				INFOPLIST_KEY_UISupportedInterfaceOrientations = UIInterfaceOrientationPortrait;
				INFOPLIST_KEY_UISupportedInterfaceOrientations_iPad = "UIInterfaceOrientationLandscapeLeft UIInterfaceOrientationLandscapeRight UIInterfaceOrientationPortrait UIInterfaceOrientationPortraitUpsideDown";
				IPHONEOS_DEPLOYMENT_TARGET = 17.0;
				LD_RUNPATH_SEARCH_PATHS = (
					"$(inherited)",
					"@executable_path/Frameworks",
				);
				MARKETING_VERSION = 0.1;
				PRODUCT_BUNDLE_IDENTIFIER = "com.roger-wetter.Fitnessapp-BA";
				PRODUCT_NAME = "$(TARGET_NAME)";
				SWIFT_EMIT_LOC_STRINGS = YES;
				SWIFT_VERSION = 5.0;
				TARGETED_DEVICE_FAMILY = "1,2";
			};
			name = Debug;
		};
		DBC4149C2BDF790400E0F1FE /* Release */ = {
			isa = XCBuildConfiguration;
			buildSettings = {
				ASSETCATALOG_COMPILER_APPICON_NAME = AppIcon;
				ASSETCATALOG_COMPILER_GLOBAL_ACCENT_COLOR_NAME = AccentColor;
				CODE_SIGN_STYLE = Automatic;
				CURRENT_PROJECT_VERSION = 1;
				DEVELOPMENT_ASSET_PATHS = "\"Fitnessapp_BA/Preview Content\"";
				DEVELOPMENT_TEAM = STMU5Q6VC5;
				ENABLE_PREVIEWS = YES;
				GENERATE_INFOPLIST_FILE = YES;
				INFOPLIST_FILE = "Fitnessapp-BA-Info.plist";
				INFOPLIST_KEY_CFBundleDisplayName = "Fitness App";
				INFOPLIST_KEY_LSApplicationCategoryType = "public.app-category.healthcare-fitness";
				INFOPLIST_KEY_NSCameraUsageDescription = "To take a Photo we need access to the Camera";
				INFOPLIST_KEY_UIApplicationSceneManifest_Generation = YES;
				INFOPLIST_KEY_UIApplicationSupportsIndirectInputEvents = YES;
				INFOPLIST_KEY_UILaunchScreen_Generation = YES;
				INFOPLIST_KEY_UISupportedInterfaceOrientations = UIInterfaceOrientationPortrait;
				INFOPLIST_KEY_UISupportedInterfaceOrientations_iPad = "UIInterfaceOrientationLandscapeLeft UIInterfaceOrientationLandscapeRight UIInterfaceOrientationPortrait UIInterfaceOrientationPortraitUpsideDown";
				IPHONEOS_DEPLOYMENT_TARGET = 17.0;
				LD_RUNPATH_SEARCH_PATHS = (
					"$(inherited)",
					"@executable_path/Frameworks",
				);
				MARKETING_VERSION = 0.1;
				PRODUCT_BUNDLE_IDENTIFIER = "com.roger-wetter.Fitnessapp-BA";
				PRODUCT_NAME = "$(TARGET_NAME)";
				SWIFT_EMIT_LOC_STRINGS = YES;
				SWIFT_VERSION = 5.0;
				TARGETED_DEVICE_FAMILY = "1,2";
			};
			name = Release;
		};
		DBC4149E2BDF790400E0F1FE /* Debug */ = {
			isa = XCBuildConfiguration;
			buildSettings = {
				ALWAYS_EMBED_SWIFT_STANDARD_LIBRARIES = YES;
				BUNDLE_LOADER = "$(TEST_HOST)";
				CODE_SIGN_STYLE = Automatic;
				CURRENT_PROJECT_VERSION = 1;
				DEVELOPMENT_TEAM = STMU5Q6VC5;
				GENERATE_INFOPLIST_FILE = YES;
				IPHONEOS_DEPLOYMENT_TARGET = 17.4;
				MARKETING_VERSION = 1.0;
				PRODUCT_BUNDLE_IDENTIFIER = "com.roger-wetter.Fitnessapp-BATests";
				PRODUCT_NAME = "$(TARGET_NAME)";
				SWIFT_EMIT_LOC_STRINGS = NO;
				SWIFT_VERSION = 5.0;
				TARGETED_DEVICE_FAMILY = "1,2";
				TEST_HOST = "$(BUILT_PRODUCTS_DIR)/Fitnessapp_BA.app/$(BUNDLE_EXECUTABLE_FOLDER_PATH)/Fitnessapp_BA";
			};
			name = Debug;
		};
		DBC4149F2BDF790400E0F1FE /* Release */ = {
			isa = XCBuildConfiguration;
			buildSettings = {
				ALWAYS_EMBED_SWIFT_STANDARD_LIBRARIES = YES;
				BUNDLE_LOADER = "$(TEST_HOST)";
				CODE_SIGN_STYLE = Automatic;
				CURRENT_PROJECT_VERSION = 1;
				DEVELOPMENT_TEAM = STMU5Q6VC5;
				GENERATE_INFOPLIST_FILE = YES;
				IPHONEOS_DEPLOYMENT_TARGET = 17.4;
				MARKETING_VERSION = 1.0;
				PRODUCT_BUNDLE_IDENTIFIER = "com.roger-wetter.Fitnessapp-BATests";
				PRODUCT_NAME = "$(TARGET_NAME)";
				SWIFT_EMIT_LOC_STRINGS = NO;
				SWIFT_VERSION = 5.0;
				TARGETED_DEVICE_FAMILY = "1,2";
				TEST_HOST = "$(BUILT_PRODUCTS_DIR)/Fitnessapp_BA.app/$(BUNDLE_EXECUTABLE_FOLDER_PATH)/Fitnessapp_BA";
			};
			name = Release;
		};
		DBC414A12BDF790400E0F1FE /* Debug */ = {
			isa = XCBuildConfiguration;
			buildSettings = {
				ALWAYS_EMBED_SWIFT_STANDARD_LIBRARIES = YES;
				CODE_SIGN_STYLE = Automatic;
				CURRENT_PROJECT_VERSION = 1;
				DEVELOPMENT_TEAM = STMU5Q6VC5;
				GENERATE_INFOPLIST_FILE = YES;
				MARKETING_VERSION = 1.0;
				PRODUCT_BUNDLE_IDENTIFIER = "com.roger-wetter.Fitnessapp-BAUITests";
				PRODUCT_NAME = "$(TARGET_NAME)";
				SWIFT_EMIT_LOC_STRINGS = NO;
				SWIFT_VERSION = 5.0;
				TARGETED_DEVICE_FAMILY = "1,2";
				TEST_TARGET_NAME = Fitnessapp_BA;
			};
			name = Debug;
		};
		DBC414A22BDF790400E0F1FE /* Release */ = {
			isa = XCBuildConfiguration;
			buildSettings = {
				ALWAYS_EMBED_SWIFT_STANDARD_LIBRARIES = YES;
				CODE_SIGN_STYLE = Automatic;
				CURRENT_PROJECT_VERSION = 1;
				DEVELOPMENT_TEAM = STMU5Q6VC5;
				GENERATE_INFOPLIST_FILE = YES;
				MARKETING_VERSION = 1.0;
				PRODUCT_BUNDLE_IDENTIFIER = "com.roger-wetter.Fitnessapp-BAUITests";
				PRODUCT_NAME = "$(TARGET_NAME)";
				SWIFT_EMIT_LOC_STRINGS = NO;
				SWIFT_VERSION = 5.0;
				TARGETED_DEVICE_FAMILY = "1,2";
				TEST_TARGET_NAME = Fitnessapp_BA;
			};
			name = Release;
		};
/* End XCBuildConfiguration section */

/* Begin XCConfigurationList section */
		DBC4146F2BDF790300E0F1FE /* Build configuration list for PBXProject "Fitnessapp_BA" */ = {
			isa = XCConfigurationList;
			buildConfigurations = (
				DBC414982BDF790400E0F1FE /* Debug */,
				DBC414992BDF790400E0F1FE /* Release */,
			);
			defaultConfigurationIsVisible = 0;
			defaultConfigurationName = Release;
		};
		DBC4149A2BDF790400E0F1FE /* Build configuration list for PBXNativeTarget "Fitnessapp_BA" */ = {
			isa = XCConfigurationList;
			buildConfigurations = (
				DBC4149B2BDF790400E0F1FE /* Debug */,
				DBC4149C2BDF790400E0F1FE /* Release */,
			);
			defaultConfigurationIsVisible = 0;
			defaultConfigurationName = Release;
		};
		DBC4149D2BDF790400E0F1FE /* Build configuration list for PBXNativeTarget "Fitnessapp_BATests" */ = {
			isa = XCConfigurationList;
			buildConfigurations = (
				DBC4149E2BDF790400E0F1FE /* Debug */,
				DBC4149F2BDF790400E0F1FE /* Release */,
			);
			defaultConfigurationIsVisible = 0;
			defaultConfigurationName = Release;
		};
		DBC414A02BDF790400E0F1FE /* Build configuration list for PBXNativeTarget "Fitnessapp_BAUITests" */ = {
			isa = XCConfigurationList;
			buildConfigurations = (
				DBC414A12BDF790400E0F1FE /* Debug */,
				DBC414A22BDF790400E0F1FE /* Release */,
			);
			defaultConfigurationIsVisible = 0;
			defaultConfigurationName = Release;
		};
/* End XCConfigurationList section */
	};
	rootObject = DBC4146C2BDF790300E0F1FE /* Project object */;
}
